// !$*UTF8*$!
{
	archiveVersion = 1;
	classes = {
	};
	objectVersion = 46;
	objects = {

/* Begin PBXBuildFile section */
		FACD521219C14ED100058DA6 /* AppDelegate.swift in Sources */ = {isa = PBXBuildFile; fileRef = FACD521119C14ED100058DA6 /* AppDelegate.swift */; };
		FACD521419C14ED100058DA6 /* ViewController.swift in Sources */ = {isa = PBXBuildFile; fileRef = FACD521319C14ED100058DA6 /* ViewController.swift */; };
		FACD521719C14ED100058DA6 /* Main.storyboard in Resources */ = {isa = PBXBuildFile; fileRef = FACD521519C14ED100058DA6 /* Main.storyboard */; };
		FACD521919C14ED100058DA6 /* Images.xcassets in Resources */ = {isa = PBXBuildFile; fileRef = FACD521819C14ED100058DA6 /* Images.xcassets */; };
		FACD522519C14ED100058DA6 /* Profile_Picture_ExampleTests.swift in Sources */ = {isa = PBXBuildFile; fileRef = FACD522419C14ED100058DA6 /* Profile_Picture_ExampleTests.swift */; };
/* End PBXBuildFile section */

/* Begin PBXContainerItemProxy section */
		FACD521F19C14ED100058DA6 /* PBXContainerItemProxy */ = {
			isa = PBXContainerItemProxy;
			containerPortal = FACD520419C14ED100058DA6 /* Project object */;
			proxyType = 1;
			remoteGlobalIDString = FACD520B19C14ED100058DA6;
			remoteInfo = "Profile Picture Example";
		};
/* End PBXContainerItemProxy section */

/* Begin PBXFileReference section */
		FACD520C19C14ED100058DA6 /* Profile Picture Example.app */ = {isa = PBXFileReference; explicitFileType = wrapper.application; includeInIndex = 0; path = "Profile Picture Example.app"; sourceTree = BUILT_PRODUCTS_DIR; };
		FACD521019C14ED100058DA6 /* Info.plist */ = {isa = PBXFileReference; lastKnownFileType = text.plist.xml; path = Info.plist; sourceTree = "<group>"; };
		FACD521119C14ED100058DA6 /* AppDelegate.swift */ = {isa = PBXFileReference; lastKnownFileType = sourcecode.swift; path = AppDelegate.swift; sourceTree = "<group>"; };
		FACD521319C14ED100058DA6 /* ViewController.swift */ = {isa = PBXFileReference; lastKnownFileType = sourcecode.swift; path = ViewController.swift; sourceTree = "<group>"; };
		FACD521619C14ED100058DA6 /* Base */ = {isa = PBXFileReference; lastKnownFileType = file.storyboard; name = Base; path = Base.lproj/Main.storyboard; sourceTree = "<group>"; };
		FACD521819C14ED100058DA6 /* Images.xcassets */ = {isa = PBXFileReference; lastKnownFileType = folder.assetcatalog; path = Images.xcassets; sourceTree = "<group>"; };
		FACD521E19C14ED100058DA6 /* Profile Picture ExampleTests.xctest */ = {isa = PBXFileReference; explicitFileType = wrapper.cfbundle; includeInIndex = 0; path = "Profile Picture ExampleTests.xctest"; sourceTree = BUILT_PRODUCTS_DIR; };
		FACD522319C14ED100058DA6 /* Info.plist */ = {isa = PBXFileReference; lastKnownFileType = text.plist.xml; path = Info.plist; sourceTree = "<group>"; };
		FACD522419C14ED100058DA6 /* Profile_Picture_ExampleTests.swift */ = {isa = PBXFileReference; lastKnownFileType = sourcecode.swift; path = Profile_Picture_ExampleTests.swift; sourceTree = "<group>"; };
/* End PBXFileReference section */

/* Begin PBXFrameworksBuildPhase section */
		FACD520919C14ED100058DA6 /* Frameworks */ = {
			isa = PBXFrameworksBuildPhase;
			buildActionMask = 2147483647;
			files = (
			);
			runOnlyForDeploymentPostprocessing = 0;
		};
		FACD521B19C14ED100058DA6 /* Frameworks */ = {
			isa = PBXFrameworksBuildPhase;
			buildActionMask = 2147483647;
			files = (
			);
			runOnlyForDeploymentPostprocessing = 0;
		};
/* End PBXFrameworksBuildPhase section */

/* Begin PBXGroup section */
		FACD520319C14ED100058DA6 = {
			isa = PBXGroup;
			children = (
				FACD520E19C14ED100058DA6 /* Profile Picture Example */,
				FACD522119C14ED100058DA6 /* Profile Picture ExampleTests */,
				FACD520D19C14ED100058DA6 /* Products */,
			);
			sourceTree = "<group>";
		};
		FACD520D19C14ED100058DA6 /* Products */ = {
			isa = PBXGroup;
			children = (
				FACD520C19C14ED100058DA6 /* Profile Picture Example.app */,
				FACD521E19C14ED100058DA6 /* Profile Picture ExampleTests.xctest */,
			);
			name = Products;
			sourceTree = "<group>";
		};
		FACD520E19C14ED100058DA6 /* Profile Picture Example */ = {
			isa = PBXGroup;
			children = (
				FACD521119C14ED100058DA6 /* AppDelegate.swift */,
				FACD521319C14ED100058DA6 /* ViewController.swift */,
				FACD521519C14ED100058DA6 /* Main.storyboard */,
				FACD521819C14ED100058DA6 /* Images.xcassets */,
				FACD520F19C14ED100058DA6 /* Supporting Files */,
			);
			path = "Profile Picture Example";
			sourceTree = "<group>";
		};
		FACD520F19C14ED100058DA6 /* Supporting Files */ = {
			isa = PBXGroup;
			children = (
				FACD521019C14ED100058DA6 /* Info.plist */,
			);
			name = "Supporting Files";
			sourceTree = "<group>";
		};
		FACD522119C14ED100058DA6 /* Profile Picture ExampleTests */ = {
			isa = PBXGroup;
			children = (
				FACD522419C14ED100058DA6 /* Profile_Picture_ExampleTests.swift */,
				FACD522219C14ED100058DA6 /* Supporting Files */,
			);
			path = "Profile Picture ExampleTests";
			sourceTree = "<group>";
		};
		FACD522219C14ED100058DA6 /* Supporting Files */ = {
			isa = PBXGroup;
			children = (
				FACD522319C14ED100058DA6 /* Info.plist */,
			);
			name = "Supporting Files";
			sourceTree = "<group>";
		};
/* End PBXGroup section */

/* Begin PBXNativeTarget section */
		FACD520B19C14ED100058DA6 /* Profile Picture Example */ = {
			isa = PBXNativeTarget;
			buildConfigurationList = FACD522819C14ED100058DA6 /* Build configuration list for PBXNativeTarget "Profile Picture Example" */;
			buildPhases = (
				FACD520819C14ED100058DA6 /* Sources */,
				FACD520919C14ED100058DA6 /* Frameworks */,
				FACD520A19C14ED100058DA6 /* Resources */,
			);
			buildRules = (
			);
			dependencies = (
			);
			name = "Profile Picture Example";
			productName = "Profile Picture Example";
			productReference = FACD520C19C14ED100058DA6 /* Profile Picture Example.app */;
			productType = "com.apple.product-type.application";
		};
		FACD521D19C14ED100058DA6 /* Profile Picture ExampleTests */ = {
			isa = PBXNativeTarget;
			buildConfigurationList = FACD522B19C14ED100058DA6 /* Build configuration list for PBXNativeTarget "Profile Picture ExampleTests" */;
			buildPhases = (
				FACD521A19C14ED100058DA6 /* Sources */,
				FACD521B19C14ED100058DA6 /* Frameworks */,
				FACD521C19C14ED100058DA6 /* Resources */,
			);
			buildRules = (
			);
			dependencies = (
				FACD522019C14ED100058DA6 /* PBXTargetDependency */,
			);
			name = "Profile Picture ExampleTests";
			productName = "Profile Picture ExampleTests";
			productReference = FACD521E19C14ED100058DA6 /* Profile Picture ExampleTests.xctest */;
			productType = "com.apple.product-type.bundle.unit-test";
		};
/* End PBXNativeTarget section */

/* Begin PBXProject section */
		FACD520419C14ED100058DA6 /* Project object */ = {
			isa = PBXProject;
			attributes = {
				LastUpgradeCheck = 0600;
				ORGANIZATIONNAME = "Dylan Jhaveri";
				TargetAttributes = {
					FACD520B19C14ED100058DA6 = {
						CreatedOnToolsVersion = 6.0;
					};
					FACD521D19C14ED100058DA6 = {
						CreatedOnToolsVersion = 6.0;
						TestTargetID = FACD520B19C14ED100058DA6;
					};
				};
			};
			buildConfigurationList = FACD520719C14ED100058DA6 /* Build configuration list for PBXProject "Profile Picture Example" */;
			compatibilityVersion = "Xcode 3.2";
			developmentRegion = English;
			hasScannedForEncodings = 0;
			knownRegions = (
				en,
				Base,
			);
			mainGroup = FACD520319C14ED100058DA6;
			productRefGroup = FACD520D19C14ED100058DA6 /* Products */;
			projectDirPath = "";
			projectRoot = "";
			targets = (
				FACD520B19C14ED100058DA6 /* Profile Picture Example */,
				FACD521D19C14ED100058DA6 /* Profile Picture ExampleTests */,
			);
		};
/* End PBXProject section */

/* Begin PBXResourcesBuildPhase section */
		FACD520A19C14ED100058DA6 /* Resources */ = {
			isa = PBXResourcesBuildPhase;
			buildActionMask = 2147483647;
			files = (
				FACD521719C14ED100058DA6 /* Main.storyboard in Resources */,
				FACD521919C14ED100058DA6 /* Images.xcassets in Resources */,
			);
			runOnlyForDeploymentPostprocessing = 0;
		};
		FACD521C19C14ED100058DA6 /* Resources */ = {
			isa = PBXResourcesBuildPhase;
			buildActionMask = 2147483647;
			files = (
			);
			runOnlyForDeploymentPostprocessing = 0;
		};
/* End PBXResourcesBuildPhase section */

/* Begin PBXSourcesBuildPhase section */
		FACD520819C14ED100058DA6 /* Sources */ = {
			isa = PBXSourcesBuildPhase;
			buildActionMask = 2147483647;
			files = (
				FACD521419C14ED100058DA6 /* ViewController.swift in Sources */,
				FACD521219C14ED100058DA6 /* AppDelegate.swift in Sources */,
			);
			runOnlyForDeploymentPostprocessing = 0;
		};
		FACD521A19C14ED100058DA6 /* Sources */ = {
			isa = PBXSourcesBuildPhase;
			buildActionMask = 2147483647;
			files = (
				FACD522519C14ED100058DA6 /* Profile_Picture_ExampleTests.swift in Sources */,
			);
			runOnlyForDeploymentPostprocessing = 0;
		};
/* End PBXSourcesBuildPhase section */

/* Begin PBXTargetDependency section */
		FACD522019C14ED100058DA6 /* PBXTargetDependency */ = {
			isa = PBXTargetDependency;
			target = FACD520B19C14ED100058DA6 /* Profile Picture Example */;
			targetProxy = FACD521F19C14ED100058DA6 /* PBXContainerItemProxy */;
		};
/* End PBXTargetDependency section */

/* Begin PBXVariantGroup section */
		FACD521519C14ED100058DA6 /* Main.storyboard */ = {
			isa = PBXVariantGroup;
			children = (
				FACD521619C14ED100058DA6 /* Base */,
			);
			name = Main.storyboard;
			sourceTree = "<group>";
		};
/* End PBXVariantGroup section */

/* Begin XCBuildConfiguration section */
		FACD522619C14ED100058DA6 /* Debug */ = {
			isa = XCBuildConfiguration;
			buildSettings = {
				ALWAYS_SEARCH_USER_PATHS = NO;
				CLANG_CXX_LANGUAGE_STANDARD = "gnu++0x";
				CLANG_CXX_LIBRARY = "libc++";
				CLANG_ENABLE_MODULES = YES;
				CLANG_ENABLE_OBJC_ARC = YES;
				CLANG_WARN_BOOL_CONVERSION = YES;
				CLANG_WARN_CONSTANT_CONVERSION = YES;
				CLANG_WARN_DIRECT_OBJC_ISA_USAGE = YES_ERROR;
				CLANG_WARN_EMPTY_BODY = YES;
				CLANG_WARN_ENUM_CONVERSION = YES;
				CLANG_WARN_INT_CONVERSION = YES;
				CLANG_WARN_OBJC_ROOT_CLASS = YES_ERROR;
				CLANG_WARN_UNREACHABLE_CODE = YES;
				CLANG_WARN__DUPLICATE_METHOD_MATCH = YES;
				"CODE_SIGN_IDENTITY[sdk=iphoneos*]" = "iPhone Developer";
				COPY_PHASE_STRIP = NO;
				ENABLE_STRICT_OBJC_MSGSEND = YES;
				GCC_C_LANGUAGE_STANDARD = gnu99;
				GCC_DYNAMIC_NO_PIC = NO;
				GCC_OPTIMIZATION_LEVEL = 0;
				GCC_PREPROCESSOR_DEFINITIONS = (
					"DEBUG=1",
					"$(inherited)",
				);
				GCC_SYMBOLS_PRIVATE_EXTERN = NO;
				GCC_WARN_64_TO_32_BIT_CONVERSION = YES;
				GCC_WARN_ABOUT_RETURN_TYPE = YES_ERROR;
				GCC_WARN_UNDECLARED_SELECTOR = YES;
				GCC_WARN_UNINITIALIZED_AUTOS = YES_AGGRESSIVE;
				GCC_WARN_UNUSED_FUNCTION = YES;
				GCC_WARN_UNUSED_VARIABLE = YES;
				IPHONEOS_DEPLOYMENT_TARGET = 8.0;
				MTL_ENABLE_DEBUG_INFO = YES;
				ONLY_ACTIVE_ARCH = YES;
				SDKROOT = iphoneos;
				SWIFT_OPTIMIZATION_LEVEL = "-Onone";
			};
			name = Debug;
		};
		FACD522719C14ED100058DA6 /* Release */ = {
			isa = XCBuildConfiguration;
			buildSettings = {
				ALWAYS_SEARCH_USER_PATHS = NO;
				CLANG_CXX_LANGUAGE_STANDARD = "gnu++0x";
				CLANG_CXX_LIBRARY = "libc++";
				CLANG_ENABLE_MODULES = YES;
				CLANG_ENABLE_OBJC_ARC = YES;
				CLANG_WARN_BOOL_CONVERSION = YES;
				CLANG_WARN_CONSTANT_CONVERSION = YES;
				CLANG_WARN_DIRECT_OBJC_ISA_USAGE = YES_ERROR;
				CLANG_WARN_EMPTY_BODY = YES;
				CLANG_WARN_ENUM_CONVERSION = YES;
				CLANG_WARN_INT_CONVERSION = YES;
				CLANG_WARN_OBJC_ROOT_CLASS = YES_ERROR;
				CLANG_WARN_UNREACHABLE_CODE = YES;
				CLANG_WARN__DUPLICATE_METHOD_MATCH = YES;
				"CODE_SIGN_IDENTITY[sdk=iphoneos*]" = "iPhone Developer";
				COPY_PHASE_STRIP = YES;
				ENABLE_NS_ASSERTIONS = NO;
				ENABLE_STRICT_OBJC_MSGSEND = YES;
				GCC_C_LANGUAGE_STANDARD = gnu99;
				GCC_WARN_64_TO_32_BIT_CONVERSION = YES;
				GCC_WARN_ABOUT_RETURN_TYPE = YES_ERROR;
				GCC_WARN_UNDECLARED_SELECTOR = YES;
				GCC_WARN_UNINITIALIZED_AUTOS = YES_AGGRESSIVE;
				GCC_WARN_UNUSED_FUNCTION = YES;
				GCC_WARN_UNUSED_VARIABLE = YES;
				IPHONEOS_DEPLOYMENT_TARGET = 8.0;
				MTL_ENABLE_DEBUG_INFO = NO;
				SDKROOT = iphoneos;
				VALIDATE_PRODUCT = YES;
			};
			name = Release;
		};
		FACD522919C14ED100058DA6 /* Debug */ = {
			isa = XCBuildConfiguration;
			buildSettings = {
				ASSETCATALOG_COMPILER_APPICON_NAME = AppIcon;
				ASSETCATALOG_COMPILER_LAUNCHIMAGE_NAME = LaunchImage;
				INFOPLIST_FILE = "Profile Picture Example/Info.plist";
				LD_RUNPATH_SEARCH_PATHS = "$(inherited) @executable_path/Frameworks";
				PRODUCT_NAME = "$(TARGET_NAME)";
			};
			name = Debug;
		};
		FACD522A19C14ED100058DA6 /* Release */ = {
			isa = XCBuildConfiguration;
			buildSettings = {
				ASSETCATALOG_COMPILER_APPICON_NAME = AppIcon;
				ASSETCATALOG_COMPILER_LAUNCHIMAGE_NAME = LaunchImage;
				INFOPLIST_FILE = "Profile Picture Example/Info.plist";
				LD_RUNPATH_SEARCH_PATHS = "$(inherited) @executable_path/Frameworks";
				PRODUCT_NAME = "$(TARGET_NAME)";
			};
			name = Release;
		};
		FACD522C19C14ED100058DA6 /* Debug */ = {
			isa = XCBuildConfiguration;
			buildSettings = {
				BUNDLE_LOADER = "$(TEST_HOST)";
				FRAMEWORK_SEARCH_PATHS = (
					"$(SDKROOT)/Developer/Library/Frameworks",
					"$(inherited)",
				);
				GCC_PREPROCESSOR_DEFINITIONS = (
					"DEBUG=1",
					"$(inherited)",
				);
				INFOPLIST_FILE = "Profile Picture ExampleTests/Info.plist";
				LD_RUNPATH_SEARCH_PATHS = "$(inherited) @executable_path/Frameworks @loader_path/Frameworks";
				PRODUCT_NAME = "$(TARGET_NAME)";
				TEST_HOST = "$(BUILT_PRODUCTS_DIR)/Profile Picture Example.app/Profile Picture Example";
			};
			name = Debug;
		};
		FACD522D19C14ED100058DA6 /* Release */ = {
			isa = XCBuildConfiguration;
			buildSettings = {
				BUNDLE_LOADER = "$(TEST_HOST)";
				FRAMEWORK_SEARCH_PATHS = (
					"$(SDKROOT)/Developer/Library/Frameworks",
					"$(inherited)",
				);
				INFOPLIST_FILE = "Profile Picture ExampleTests/Info.plist";
				LD_RUNPATH_SEARCH_PATHS = "$(inherited) @executable_path/Frameworks @loader_path/Frameworks";
				PRODUCT_NAME = "$(TARGET_NAME)";
				TEST_HOST = "$(BUILT_PRODUCTS_DIR)/Profile Picture Example.app/Profile Picture Example";
			};
			name = Release;
		};
/* End XCBuildConfiguration section */

/* Begin XCConfigurationList section */
		FACD520719C14ED100058DA6 /* Build configuration list for PBXProject "Profile Picture Example" */ = {
			isa = XCConfigurationList;
			buildConfigurations = (
				FACD522619C14ED100058DA6 /* Debug */,
				FACD522719C14ED100058DA6 /* Release */,
			);
			defaultConfigurationIsVisible = 0;
			defaultConfigurationName = Release;
		};
		FACD522819C14ED100058DA6 /* Build configuration list for PBXNativeTarget "Profile Picture Example" */ = {
			isa = XCConfigurationList;
			buildConfigurations = (
				FACD522919C14ED100058DA6 /* Debug */,
				FACD522A19C14ED100058DA6 /* Release */,
			);
			defaultConfigurationIsVisible = 0;
		};
		FACD522B19C14ED100058DA6 /* Build configuration list for PBXNativeTarget "Profile Picture ExampleTests" */ = {
			isa = XCConfigurationList;
			buildConfigurations = (
				FACD522C19C14ED100058DA6 /* Debug */,
				FACD522D19C14ED100058DA6 /* Release */,
			);
			defaultConfigurationIsVisible = 0;
		};
/* End XCConfigurationList section */
	};
	rootObject = FACD520419C14ED100058DA6 /* Project object */;
}
